
Microsoft Visual Studio Solution File, Format Version 12.00
# Visual Studio Version 16
VisualStudioVersion = 16.0.34031.81
MinimumVisualStudioVersion = 10.0.40219.1
Project("{888888A0-9F3D-457C-B088-3A5042F75D52}") = "3JActividad11PythonTablasDeMultiplicar01", "3JActividad11PythonTablasDeMultiplicar01\3JActividad11PythonTablasDeMultiplicar01.pyproj", "{C90AE516-F54E-42DB-B757-0532AEBFD38A}"
EndProject
Global
	GlobalSection(SolutionConfigurationPlatforms) = preSolution
		Debug|Any CPU = Debug|Any CPU
		Release|Any CPU = Release|Any CPU
	EndGlobalSection
	GlobalSection(ProjectConfigurationPlatforms) = postSolution
		{C90AE516-F54E-42DB-B757-0532AEBFD38A}.Debug|Any CPU.ActiveCfg = Debug|Any CPU
		{C90AE516-F54E-42DB-B757-0532AEBFD38A}.Release|Any CPU.ActiveCfg = Release|Any CPU
	EndGlobalSection
	GlobalSection(SolutionProperties) = preSolution
		HideSolutionNode = FALSE
	EndGlobalSection
	GlobalSection(ExtensibilityGlobals) = postSolution
		SolutionGuid = {3129ACCD-7909-4996-90D5-2FF4E4AEB168}
	EndGlobalSection
EndGlobal
